
Microsoft Visual Studio Solution File, Format Version 12.00
# Visual Studio Version 16
VisualStudioVersion = 16.0.31112.23
MinimumVisualStudioVersion = 10.0.40219.1
Project("{FAE04EC0-301F-11D3-BF4B-00C04F79EFBC}") = "ecommerce", "ecommerce.csproj", "{FC16BA0B-346D-4B2D-867D-359F19A0BBC5}"
EndProject
Global
	GlobalSection(SolutionConfigurationPlatforms) = preSolution
		Debug|Any CPU = Debug|Any CPU
		Release|Any CPU = Release|Any CPU
	EndGlobalSection
	GlobalSection(ProjectConfigurationPlatforms) = postSolution
		{FC16BA0B-346D-4B2D-867D-359F19A0BBC5}.Debug|Any CPU.ActiveCfg = Debug|Any CPU
		{FC16BA0B-346D-4B2D-867D-359F19A0BBC5}.Debug|Any CPU.Build.0 = Debug|Any CPU
		{FC16BA0B-346D-4B2D-867D-359F19A0BBC5}.Release|Any CPU.ActiveCfg = Release|Any CPU
		{FC16BA0B-346D-4B2D-867D-359F19A0BBC5}.Release|Any CPU.Build.0 = Release|Any CPU
	EndGlobalSection
	GlobalSection(SolutionProperties) = preSolution
		HideSolutionNode = FALSE
	EndGlobalSection
	GlobalSection(ExtensibilityGlobals) = postSolution
		SolutionGuid = {615BD1C2-5160-472B-B441-3C5CD4E880C8}
	EndGlobalSection
EndGlobal
